// !$*UTF8*$!
{
	archiveVersion = 1;
	classes = {
	};
	objectVersion = 55;
	objects = {

/* Begin PBXBuildFile section */
		34FE414E29C46DE1004C4AFA /* ListViewController.swift in Sources */ = {isa = PBXBuildFile; fileRef = 34FE414D29C46DE1004C4AFA /* ListViewController.swift */; };
		53DE601E29C4A26D0023C62A /* OpenAISwift in Frameworks */ = {isa = PBXBuildFile; productRef = 53DE601D29C4A26D0023C62A /* OpenAISwift */; };
		53EE564F29C4A48F0062FDF3 /* ViewModel.swift in Sources */ = {isa = PBXBuildFile; fileRef = 53EE564E29C4A48F0062FDF3 /* ViewModel.swift */; };
		A25AB01729C490C1007AC1E0 /* Health.swift in Sources */ = {isa = PBXBuildFile; fileRef = A25AB01629C490C1007AC1E0 /* Health.swift */; };
		F0A04DE729C3BBF600AC7A52 /* LoginViewController.swift in Sources */ = {isa = PBXBuildFile; fileRef = F0A04DE629C3BBF600AC7A52 /* LoginViewController.swift */; };
		F0A04DE929C3BD7300AC7A52 /* GoogleService-Info.plist in Resources */ = {isa = PBXBuildFile; fileRef = F0A04DE829C3BD7300AC7A52 /* GoogleService-Info.plist */; };
		F0A04DEC29C3BE2200AC7A52 /* FirebaseAnalytics in Frameworks */ = {isa = PBXBuildFile; productRef = F0A04DEB29C3BE2200AC7A52 /* FirebaseAnalytics */; };
		F0A04DEE29C3BE2200AC7A52 /* FirebaseAnalyticsSwift in Frameworks */ = {isa = PBXBuildFile; productRef = F0A04DED29C3BE2200AC7A52 /* FirebaseAnalyticsSwift */; };
		F0A04DF129C3BEB100AC7A52 /* FirebaseAnalytics in Frameworks */ = {isa = PBXBuildFile; productRef = F0A04DF029C3BEB100AC7A52 /* FirebaseAnalytics */; };
		F0A04DF329C3BEB100AC7A52 /* FirebaseAnalyticsOnDeviceConversion in Frameworks */ = {isa = PBXBuildFile; productRef = F0A04DF229C3BEB100AC7A52 /* FirebaseAnalyticsOnDeviceConversion */; };
		F0A04DF529C3BEB100AC7A52 /* FirebaseAnalyticsSwift in Frameworks */ = {isa = PBXBuildFile; productRef = F0A04DF429C3BEB100AC7A52 /* FirebaseAnalyticsSwift */; };
		F0A04DF729C3BEB100AC7A52 /* FirebaseAnalyticsWithoutAdIdSupport in Frameworks */ = {isa = PBXBuildFile; productRef = F0A04DF629C3BEB100AC7A52 /* FirebaseAnalyticsWithoutAdIdSupport */; };
		F0A04DF929C3BEB100AC7A52 /* FirebaseAppCheck in Frameworks */ = {isa = PBXBuildFile; productRef = F0A04DF829C3BEB100AC7A52 /* FirebaseAppCheck */; };
		F0A04DFB29C3BEB100AC7A52 /* FirebaseAppDistribution-Beta in Frameworks */ = {isa = PBXBuildFile; productRef = F0A04DFA29C3BEB100AC7A52 /* FirebaseAppDistribution-Beta */; };
		F0A04DFD29C3BEB100AC7A52 /* FirebaseAuth in Frameworks */ = {isa = PBXBuildFile; productRef = F0A04DFC29C3BEB100AC7A52 /* FirebaseAuth */; };
		F0A04DFF29C3BEB100AC7A52 /* FirebaseAuthCombine-Community in Frameworks */ = {isa = PBXBuildFile; productRef = F0A04DFE29C3BEB100AC7A52 /* FirebaseAuthCombine-Community */; };
		F0A04E0129C3BEB100AC7A52 /* FirebaseCrashlytics in Frameworks */ = {isa = PBXBuildFile; productRef = F0A04E0029C3BEB100AC7A52 /* FirebaseCrashlytics */; };
		F0A04E0329C3BEB100AC7A52 /* FirebaseDatabase in Frameworks */ = {isa = PBXBuildFile; productRef = F0A04E0229C3BEB100AC7A52 /* FirebaseDatabase */; };
		F0A04E0529C3BEB100AC7A52 /* FirebaseDatabaseSwift in Frameworks */ = {isa = PBXBuildFile; productRef = F0A04E0429C3BEB100AC7A52 /* FirebaseDatabaseSwift */; };
		F0A04E0729C3BEB100AC7A52 /* FirebaseDynamicLinks in Frameworks */ = {isa = PBXBuildFile; productRef = F0A04E0629C3BEB100AC7A52 /* FirebaseDynamicLinks */; };
		F0A04E0929C3BEB100AC7A52 /* FirebaseFirestore in Frameworks */ = {isa = PBXBuildFile; productRef = F0A04E0829C3BEB100AC7A52 /* FirebaseFirestore */; };
		F0A04E0B29C3BEB100AC7A52 /* FirebaseFirestoreCombine-Community in Frameworks */ = {isa = PBXBuildFile; productRef = F0A04E0A29C3BEB100AC7A52 /* FirebaseFirestoreCombine-Community */; };
		F0A04E0D29C3BEB100AC7A52 /* FirebaseFirestoreSwift in Frameworks */ = {isa = PBXBuildFile; productRef = F0A04E0C29C3BEB100AC7A52 /* FirebaseFirestoreSwift */; };
		F0A04E0F29C3BEB100AC7A52 /* FirebaseFunctions in Frameworks */ = {isa = PBXBuildFile; productRef = F0A04E0E29C3BEB100AC7A52 /* FirebaseFunctions */; };
		F0A04E1129C3BEB100AC7A52 /* FirebaseFunctionsCombine-Community in Frameworks */ = {isa = PBXBuildFile; productRef = F0A04E1029C3BEB100AC7A52 /* FirebaseFunctionsCombine-Community */; };
		F0A04E1329C3BEB100AC7A52 /* FirebaseInAppMessaging-Beta in Frameworks */ = {isa = PBXBuildFile; productRef = F0A04E1229C3BEB100AC7A52 /* FirebaseInAppMessaging-Beta */; };
		F0A04E1529C3BEB100AC7A52 /* FirebaseInAppMessagingSwift-Beta in Frameworks */ = {isa = PBXBuildFile; productRef = F0A04E1429C3BEB100AC7A52 /* FirebaseInAppMessagingSwift-Beta */; };
		F0A04E1729C3BEB100AC7A52 /* FirebaseInstallations in Frameworks */ = {isa = PBXBuildFile; productRef = F0A04E1629C3BEB100AC7A52 /* FirebaseInstallations */; };
		F0A04E1929C3BEB100AC7A52 /* FirebaseMLModelDownloader in Frameworks */ = {isa = PBXBuildFile; productRef = F0A04E1829C3BEB100AC7A52 /* FirebaseMLModelDownloader */; };
		F0A04E1B29C3BEB100AC7A52 /* FirebaseMessaging in Frameworks */ = {isa = PBXBuildFile; productRef = F0A04E1A29C3BEB100AC7A52 /* FirebaseMessaging */; };
		F0A04E1D29C3BEB100AC7A52 /* FirebasePerformance in Frameworks */ = {isa = PBXBuildFile; productRef = F0A04E1C29C3BEB100AC7A52 /* FirebasePerformance */; };
		F0A04E1F29C3BEB100AC7A52 /* FirebaseRemoteConfig in Frameworks */ = {isa = PBXBuildFile; productRef = F0A04E1E29C3BEB100AC7A52 /* FirebaseRemoteConfig */; };
		F0A04E2129C3BEB100AC7A52 /* FirebaseRemoteConfigSwift in Frameworks */ = {isa = PBXBuildFile; productRef = F0A04E2029C3BEB100AC7A52 /* FirebaseRemoteConfigSwift */; };
		F0A04E2329C3BEB100AC7A52 /* FirebaseStorage in Frameworks */ = {isa = PBXBuildFile; productRef = F0A04E2229C3BEB100AC7A52 /* FirebaseStorage */; };
		F0A04E2529C3BEB100AC7A52 /* FirebaseStorageCombine-Community in Frameworks */ = {isa = PBXBuildFile; productRef = F0A04E2429C3BEB100AC7A52 /* FirebaseStorageCombine-Community */; };
		F0A04E2729C3BF1700AC7A52 /* RegisterViewController.swift in Sources */ = {isa = PBXBuildFile; fileRef = F0A04E2629C3BF1700AC7A52 /* RegisterViewController.swift */; };
		F0A04E2929C3BF4700AC7A52 /* Global.swift in Sources */ = {isa = PBXBuildFile; fileRef = F0A04E2829C3BF4700AC7A52 /* Global.swift */; };
		F0F88D9D29C39430007ABAAA /* AppDelegate.swift in Sources */ = {isa = PBXBuildFile; fileRef = F0F88D9C29C39430007ABAAA /* AppDelegate.swift */; };
		F0F88D9F29C39430007ABAAA /* SceneDelegate.swift in Sources */ = {isa = PBXBuildFile; fileRef = F0F88D9E29C39430007ABAAA /* SceneDelegate.swift */; };
		F0F88DA129C39430007ABAAA /* ViewController.swift in Sources */ = {isa = PBXBuildFile; fileRef = F0F88DA029C39430007ABAAA /* ViewController.swift */; };
		F0F88DA429C39430007ABAAA /* Main.storyboard in Resources */ = {isa = PBXBuildFile; fileRef = F0F88DA229C39430007ABAAA /* Main.storyboard */; };
		F0F88DA629C39431007ABAAA /* Assets.xcassets in Resources */ = {isa = PBXBuildFile; fileRef = F0F88DA529C39431007ABAAA /* Assets.xcassets */; };
		F0F88DA929C39431007ABAAA /* LaunchScreen.storyboard in Resources */ = {isa = PBXBuildFile; fileRef = F0F88DA729C39431007ABAAA /* LaunchScreen.storyboard */; };
		F0F88DB429C39431007ABAAA /* ChatGPTTests.swift in Sources */ = {isa = PBXBuildFile; fileRef = F0F88DB329C39431007ABAAA /* ChatGPTTests.swift */; };
		F0F88DBE29C39431007ABAAA /* ChatGPTUITests.swift in Sources */ = {isa = PBXBuildFile; fileRef = F0F88DBD29C39431007ABAAA /* ChatGPTUITests.swift */; };
		F0F88DC029C39431007ABAAA /* ChatGPTUITestsLaunchTests.swift in Sources */ = {isa = PBXBuildFile; fileRef = F0F88DBF29C39431007ABAAA /* ChatGPTUITestsLaunchTests.swift */; };
		F0F88DCD29C3947E007ABAAA /* ChatGPTAPI.swift in Sources */ = {isa = PBXBuildFile; fileRef = F0F88DCC29C3947E007ABAAA /* ChatGPTAPI.swift */; };
		F0F88DCF29C39492007ABAAA /* ChatGPTAPIModels.swift in Sources */ = {isa = PBXBuildFile; fileRef = F0F88DCE29C39492007ABAAA /* ChatGPTAPIModels.swift */; };
/* End PBXBuildFile section */

/* Begin PBXContainerItemProxy section */
		F0F88DB029C39431007ABAAA /* PBXContainerItemProxy */ = {
			isa = PBXContainerItemProxy;
			containerPortal = F0F88D9129C39430007ABAAA /* Project object */;
			proxyType = 1;
			remoteGlobalIDString = F0F88D9829C39430007ABAAA;
			remoteInfo = ChatGPT;
		};
		F0F88DBA29C39431007ABAAA /* PBXContainerItemProxy */ = {
			isa = PBXContainerItemProxy;
			containerPortal = F0F88D9129C39430007ABAAA /* Project object */;
			proxyType = 1;
			remoteGlobalIDString = F0F88D9829C39430007ABAAA;
			remoteInfo = ChatGPT;
		};
/* End PBXContainerItemProxy section */

/* Begin PBXFileReference section */
		34FE414D29C46DE1004C4AFA /* ListViewController.swift */ = {isa = PBXFileReference; lastKnownFileType = sourcecode.swift; path = ListViewController.swift; sourceTree = "<group>"; };
		53EE564E29C4A48F0062FDF3 /* ViewModel.swift */ = {isa = PBXFileReference; lastKnownFileType = sourcecode.swift; path = ViewModel.swift; sourceTree = "<group>"; };
		A25AB01629C490C1007AC1E0 /* Health.swift */ = {isa = PBXFileReference; lastKnownFileType = sourcecode.swift; path = Health.swift; sourceTree = "<group>"; };
		F0A04DE629C3BBF600AC7A52 /* LoginViewController.swift */ = {isa = PBXFileReference; lastKnownFileType = sourcecode.swift; name = LoginViewController.swift; path = ChatGPT/LoginViewController.swift; sourceTree = "<group>"; };
		F0A04DE829C3BD7300AC7A52 /* GoogleService-Info.plist */ = {isa = PBXFileReference; fileEncoding = 4; lastKnownFileType = text.plist.xml; path = "GoogleService-Info.plist"; sourceTree = "<group>"; };
		F0A04E2629C3BF1700AC7A52 /* RegisterViewController.swift */ = {isa = PBXFileReference; lastKnownFileType = sourcecode.swift; path = RegisterViewController.swift; sourceTree = "<group>"; };
		F0A04E2829C3BF4700AC7A52 /* Global.swift */ = {isa = PBXFileReference; lastKnownFileType = sourcecode.swift; path = Global.swift; sourceTree = "<group>"; };
		F0F88D9929C39430007ABAAA /* ChatGPT.app */ = {isa = PBXFileReference; explicitFileType = wrapper.application; includeInIndex = 0; path = ChatGPT.app; sourceTree = BUILT_PRODUCTS_DIR; };
		F0F88D9C29C39430007ABAAA /* AppDelegate.swift */ = {isa = PBXFileReference; lastKnownFileType = sourcecode.swift; path = AppDelegate.swift; sourceTree = "<group>"; };
		F0F88D9E29C39430007ABAAA /* SceneDelegate.swift */ = {isa = PBXFileReference; lastKnownFileType = sourcecode.swift; path = SceneDelegate.swift; sourceTree = "<group>"; };
		F0F88DA029C39430007ABAAA /* ViewController.swift */ = {isa = PBXFileReference; lastKnownFileType = sourcecode.swift; path = ViewController.swift; sourceTree = "<group>"; };
		F0F88DA329C39430007ABAAA /* Base */ = {isa = PBXFileReference; lastKnownFileType = file.storyboard; name = Base; path = Base.lproj/Main.storyboard; sourceTree = "<group>"; };
		F0F88DA529C39431007ABAAA /* Assets.xcassets */ = {isa = PBXFileReference; lastKnownFileType = folder.assetcatalog; path = Assets.xcassets; sourceTree = "<group>"; };
		F0F88DA829C39431007ABAAA /* Base */ = {isa = PBXFileReference; lastKnownFileType = file.storyboard; name = Base; path = Base.lproj/LaunchScreen.storyboard; sourceTree = "<group>"; };
		F0F88DAA29C39431007ABAAA /* Info.plist */ = {isa = PBXFileReference; lastKnownFileType = text.plist.xml; path = Info.plist; sourceTree = "<group>"; };
		F0F88DAF29C39431007ABAAA /* ChatGPTTests.xctest */ = {isa = PBXFileReference; explicitFileType = wrapper.cfbundle; includeInIndex = 0; path = ChatGPTTests.xctest; sourceTree = BUILT_PRODUCTS_DIR; };
		F0F88DB329C39431007ABAAA /* ChatGPTTests.swift */ = {isa = PBXFileReference; lastKnownFileType = sourcecode.swift; path = ChatGPTTests.swift; sourceTree = "<group>"; };
		F0F88DB929C39431007ABAAA /* ChatGPTUITests.xctest */ = {isa = PBXFileReference; explicitFileType = wrapper.cfbundle; includeInIndex = 0; path = ChatGPTUITests.xctest; sourceTree = BUILT_PRODUCTS_DIR; };
		F0F88DBD29C39431007ABAAA /* ChatGPTUITests.swift */ = {isa = PBXFileReference; lastKnownFileType = sourcecode.swift; path = ChatGPTUITests.swift; sourceTree = "<group>"; };
		F0F88DBF29C39431007ABAAA /* ChatGPTUITestsLaunchTests.swift */ = {isa = PBXFileReference; lastKnownFileType = sourcecode.swift; path = ChatGPTUITestsLaunchTests.swift; sourceTree = "<group>"; };
		F0F88DCC29C3947E007ABAAA /* ChatGPTAPI.swift */ = {isa = PBXFileReference; lastKnownFileType = sourcecode.swift; path = ChatGPTAPI.swift; sourceTree = "<group>"; };
		F0F88DCE29C39492007ABAAA /* ChatGPTAPIModels.swift */ = {isa = PBXFileReference; lastKnownFileType = sourcecode.swift; path = ChatGPTAPIModels.swift; sourceTree = "<group>"; };
/* End PBXFileReference section */

/* Begin PBXFrameworksBuildPhase section */
		F0F88D9629C39430007ABAAA /* Frameworks */ = {
			isa = PBXFrameworksBuildPhase;
			buildActionMask = 2147483647;
			files = (
				F0A04E1B29C3BEB100AC7A52 /* FirebaseMessaging in Frameworks */,
				F0A04DEE29C3BE2200AC7A52 /* FirebaseAnalyticsSwift in Frameworks */,
				F0A04E0D29C3BEB100AC7A52 /* FirebaseFirestoreSwift in Frameworks */,
				F0A04DF729C3BEB100AC7A52 /* FirebaseAnalyticsWithoutAdIdSupport in Frameworks */,
				F0A04E0F29C3BEB100AC7A52 /* FirebaseFunctions in Frameworks */,
				F0A04DEC29C3BE2200AC7A52 /* FirebaseAnalytics in Frameworks */,
				F0A04DF129C3BEB100AC7A52 /* FirebaseAnalytics in Frameworks */,
				F0A04DFD29C3BEB100AC7A52 /* FirebaseAuth in Frameworks */,
				F0A04E0729C3BEB100AC7A52 /* FirebaseDynamicLinks in Frameworks */,
				F0A04E0129C3BEB100AC7A52 /* FirebaseCrashlytics in Frameworks */,
				F0A04E1929C3BEB100AC7A52 /* FirebaseMLModelDownloader in Frameworks */,
				F0A04E0529C3BEB100AC7A52 /* FirebaseDatabaseSwift in Frameworks */,
				F0A04E0929C3BEB100AC7A52 /* FirebaseFirestore in Frameworks */,
				F0A04E1729C3BEB100AC7A52 /* FirebaseInstallations in Frameworks */,
				F0A04E1129C3BEB100AC7A52 /* FirebaseFunctionsCombine-Community in Frameworks */,
				F0A04E0B29C3BEB100AC7A52 /* FirebaseFirestoreCombine-Community in Frameworks */,
				53DE601E29C4A26D0023C62A /* OpenAISwift in Frameworks */,
				F0A04E0329C3BEB100AC7A52 /* FirebaseDatabase in Frameworks */,
				F0A04E1D29C3BEB100AC7A52 /* FirebasePerformance in Frameworks */,
				F0A04DF929C3BEB100AC7A52 /* FirebaseAppCheck in Frameworks */,
				F0A04DF329C3BEB100AC7A52 /* FirebaseAnalyticsOnDeviceConversion in Frameworks */,
				F0A04E1529C3BEB100AC7A52 /* FirebaseInAppMessagingSwift-Beta in Frameworks */,
				F0A04E2129C3BEB100AC7A52 /* FirebaseRemoteConfigSwift in Frameworks */,
				F0A04DF529C3BEB100AC7A52 /* FirebaseAnalyticsSwift in Frameworks */,
				F0A04DFB29C3BEB100AC7A52 /* FirebaseAppDistribution-Beta in Frameworks */,
				F0A04E1F29C3BEB100AC7A52 /* FirebaseRemoteConfig in Frameworks */,
				F0A04E2329C3BEB100AC7A52 /* FirebaseStorage in Frameworks */,
				F0A04DFF29C3BEB100AC7A52 /* FirebaseAuthCombine-Community in Frameworks */,
				F0A04E2529C3BEB100AC7A52 /* FirebaseStorageCombine-Community in Frameworks */,
				F0A04E1329C3BEB100AC7A52 /* FirebaseInAppMessaging-Beta in Frameworks */,
			);
			runOnlyForDeploymentPostprocessing = 0;
		};
		F0F88DAC29C39431007ABAAA /* Frameworks */ = {
			isa = PBXFrameworksBuildPhase;
			buildActionMask = 2147483647;
			files = (
			);
			runOnlyForDeploymentPostprocessing = 0;
		};
		F0F88DB629C39431007ABAAA /* Frameworks */ = {
			isa = PBXFrameworksBuildPhase;
			buildActionMask = 2147483647;
			files = (
			);
			runOnlyForDeploymentPostprocessing = 0;
		};
/* End PBXFrameworksBuildPhase section */

/* Begin PBXGroup section */
		F0F88D9029C39430007ABAAA = {
			isa = PBXGroup;
			children = (
				53EE564E29C4A48F0062FDF3 /* ViewModel.swift */,
				F0A04E2829C3BF4700AC7A52 /* Global.swift */,
				F0A04E2629C3BF1700AC7A52 /* RegisterViewController.swift */,
				F0A04DE629C3BBF600AC7A52 /* LoginViewController.swift */,
				F0F88D9B29C39430007ABAAA /* ChatGPT */,
				F0F88DB229C39431007ABAAA /* ChatGPTTests */,
				F0F88DBC29C39431007ABAAA /* ChatGPTUITests */,
				F0F88D9A29C39430007ABAAA /* Products */,
			);
			sourceTree = "<group>";
		};
		F0F88D9A29C39430007ABAAA /* Products */ = {
			isa = PBXGroup;
			children = (
				F0F88D9929C39430007ABAAA /* ChatGPT.app */,
				F0F88DAF29C39431007ABAAA /* ChatGPTTests.xctest */,
				F0F88DB929C39431007ABAAA /* ChatGPTUITests.xctest */,
			);
			name = Products;
			sourceTree = "<group>";
		};
		F0F88D9B29C39430007ABAAA /* ChatGPT */ = {
			isa = PBXGroup;
			children = (
				F0F88D9C29C39430007ABAAA /* AppDelegate.swift */,
				F0F88DCE29C39492007ABAAA /* ChatGPTAPIModels.swift */,
				F0F88DCC29C3947E007ABAAA /* ChatGPTAPI.swift */,
				F0F88D9E29C39430007ABAAA /* SceneDelegate.swift */,
				F0F88DA029C39430007ABAAA /* ViewController.swift */,
				F0F88DA229C39430007ABAAA /* Main.storyboard */,
				A25AB01629C490C1007AC1E0 /* Health.swift */,
				34FE414D29C46DE1004C4AFA /* ListViewController.swift */,
				F0F88DA529C39431007ABAAA /* Assets.xcassets */,
				F0F88DA729C39431007ABAAA /* LaunchScreen.storyboard */,
				F0A04DE829C3BD7300AC7A52 /* GoogleService-Info.plist */,
				F0F88DAA29C39431007ABAAA /* Info.plist */,
			);
			path = ChatGPT;
			sourceTree = "<group>";
		};
		F0F88DB229C39431007ABAAA /* ChatGPTTests */ = {
			isa = PBXGroup;
			children = (
				F0F88DB329C39431007ABAAA /* ChatGPTTests.swift */,
			);
			path = ChatGPTTests;
			sourceTree = "<group>";
		};
		F0F88DBC29C39431007ABAAA /* ChatGPTUITests */ = {
			isa = PBXGroup;
			children = (
				F0F88DBD29C39431007ABAAA /* ChatGPTUITests.swift */,
				F0F88DBF29C39431007ABAAA /* ChatGPTUITestsLaunchTests.swift */,
			);
			path = ChatGPTUITests;
			sourceTree = "<group>";
		};
/* End PBXGroup section */

/* Begin PBXNativeTarget section */
		F0F88D9829C39430007ABAAA /* ChatGPT */ = {
			isa = PBXNativeTarget;
			buildConfigurationList = F0F88DC329C39431007ABAAA /* Build configuration list for PBXNativeTarget "ChatGPT" */;
			buildPhases = (
				F0F88D9529C39430007ABAAA /* Sources */,
				F0F88D9629C39430007ABAAA /* Frameworks */,
				F0F88D9729C39430007ABAAA /* Resources */,
			);
			buildRules = (
			);
			dependencies = (
			);
			name = ChatGPT;
			packageProductDependencies = (
				F0A04DEB29C3BE2200AC7A52 /* FirebaseAnalytics */,
				F0A04DED29C3BE2200AC7A52 /* FirebaseAnalyticsSwift */,
				F0A04DF029C3BEB100AC7A52 /* FirebaseAnalytics */,
				F0A04DF229C3BEB100AC7A52 /* FirebaseAnalyticsOnDeviceConversion */,
				F0A04DF429C3BEB100AC7A52 /* FirebaseAnalyticsSwift */,
				F0A04DF629C3BEB100AC7A52 /* FirebaseAnalyticsWithoutAdIdSupport */,
				F0A04DF829C3BEB100AC7A52 /* FirebaseAppCheck */,
				F0A04DFA29C3BEB100AC7A52 /* FirebaseAppDistribution-Beta */,
				F0A04DFC29C3BEB100AC7A52 /* FirebaseAuth */,
				F0A04DFE29C3BEB100AC7A52 /* FirebaseAuthCombine-Community */,
				F0A04E0029C3BEB100AC7A52 /* FirebaseCrashlytics */,
				F0A04E0229C3BEB100AC7A52 /* FirebaseDatabase */,
				F0A04E0429C3BEB100AC7A52 /* FirebaseDatabaseSwift */,
				F0A04E0629C3BEB100AC7A52 /* FirebaseDynamicLinks */,
				F0A04E0829C3BEB100AC7A52 /* FirebaseFirestore */,
				F0A04E0A29C3BEB100AC7A52 /* FirebaseFirestoreCombine-Community */,
				F0A04E0C29C3BEB100AC7A52 /* FirebaseFirestoreSwift */,
				F0A04E0E29C3BEB100AC7A52 /* FirebaseFunctions */,
				F0A04E1029C3BEB100AC7A52 /* FirebaseFunctionsCombine-Community */,
				F0A04E1229C3BEB100AC7A52 /* FirebaseInAppMessaging-Beta */,
				F0A04E1429C3BEB100AC7A52 /* FirebaseInAppMessagingSwift-Beta */,
				F0A04E1629C3BEB100AC7A52 /* FirebaseInstallations */,
				F0A04E1829C3BEB100AC7A52 /* FirebaseMLModelDownloader */,
				F0A04E1A29C3BEB100AC7A52 /* FirebaseMessaging */,
				F0A04E1C29C3BEB100AC7A52 /* FirebasePerformance */,
				F0A04E1E29C3BEB100AC7A52 /* FirebaseRemoteConfig */,
				F0A04E2029C3BEB100AC7A52 /* FirebaseRemoteConfigSwift */,
				F0A04E2229C3BEB100AC7A52 /* FirebaseStorage */,
				F0A04E2429C3BEB100AC7A52 /* FirebaseStorageCombine-Community */,
				53DE601D29C4A26D0023C62A /* OpenAISwift */,
			);
			productName = ChatGPT;
			productReference = F0F88D9929C39430007ABAAA /* ChatGPT.app */;
			productType = "com.apple.product-type.application";
		};
		F0F88DAE29C39431007ABAAA /* ChatGPTTests */ = {
			isa = PBXNativeTarget;
			buildConfigurationList = F0F88DC629C39431007ABAAA /* Build configuration list for PBXNativeTarget "ChatGPTTests" */;
			buildPhases = (
				F0F88DAB29C39431007ABAAA /* Sources */,
				F0F88DAC29C39431007ABAAA /* Frameworks */,
				F0F88DAD29C39431007ABAAA /* Resources */,
			);
			buildRules = (
			);
			dependencies = (
				F0F88DB129C39431007ABAAA /* PBXTargetDependency */,
			);
			name = ChatGPTTests;
			productName = ChatGPTTests;
			productReference = F0F88DAF29C39431007ABAAA /* ChatGPTTests.xctest */;
			productType = "com.apple.product-type.bundle.unit-test";
		};
		F0F88DB829C39431007ABAAA /* ChatGPTUITests */ = {
			isa = PBXNativeTarget;
			buildConfigurationList = F0F88DC929C39431007ABAAA /* Build configuration list for PBXNativeTarget "ChatGPTUITests" */;
			buildPhases = (
				F0F88DB529C39431007ABAAA /* Sources */,
				F0F88DB629C39431007ABAAA /* Frameworks */,
				F0F88DB729C39431007ABAAA /* Resources */,
			);
			buildRules = (
			);
			dependencies = (
				F0F88DBB29C39431007ABAAA /* PBXTargetDependency */,
			);
			name = ChatGPTUITests;
			productName = ChatGPTUITests;
			productReference = F0F88DB929C39431007ABAAA /* ChatGPTUITests.xctest */;
			productType = "com.apple.product-type.bundle.ui-testing";
		};
/* End PBXNativeTarget section */

/* Begin PBXProject section */
		F0F88D9129C39430007ABAAA /* Project object */ = {
			isa = PBXProject;
			attributes = {
				BuildIndependentTargetsInParallel = 1;
				LastSwiftUpdateCheck = 1340;
				LastUpgradeCheck = 1340;
				TargetAttributes = {
					F0F88D9829C39430007ABAAA = {
						CreatedOnToolsVersion = 13.4.1;
					};
					F0F88DAE29C39431007ABAAA = {
						CreatedOnToolsVersion = 13.4.1;
						TestTargetID = F0F88D9829C39430007ABAAA;
					};
					F0F88DB829C39431007ABAAA = {
						CreatedOnToolsVersion = 13.4.1;
						TestTargetID = F0F88D9829C39430007ABAAA;
					};
				};
			};
			buildConfigurationList = F0F88D9429C39430007ABAAA /* Build configuration list for PBXProject "ChatGPT" */;
			compatibilityVersion = "Xcode 13.0";
			developmentRegion = en;
			hasScannedForEncodings = 0;
			knownRegions = (
				en,
				Base,
			);
			mainGroup = F0F88D9029C39430007ABAAA;
			packageReferences = (
				F0A04DEA29C3BE2200AC7A52 /* XCRemoteSwiftPackageReference "firebase-ios-sdk" */,
				F0A04DEF29C3BEB100AC7A52 /* XCRemoteSwiftPackageReference "firebase-ios-sdk" */,
				53DE601C29C4A26D0023C62A /* XCRemoteSwiftPackageReference "OpenAISwift" */,
			);
			productRefGroup = F0F88D9A29C39430007ABAAA /* Products */;
			projectDirPath = "";
			projectRoot = "";
			targets = (
				F0F88D9829C39430007ABAAA /* ChatGPT */,
				F0F88DAE29C39431007ABAAA /* ChatGPTTests */,
				F0F88DB829C39431007ABAAA /* ChatGPTUITests */,
			);
		};
/* End PBXProject section */

/* Begin PBXResourcesBuildPhase section */
		F0F88D9729C39430007ABAAA /* Resources */ = {
			isa = PBXResourcesBuildPhase;
			buildActionMask = 2147483647;
			files = (
				F0F88DA929C39431007ABAAA /* LaunchScreen.storyboard in Resources */,
				F0F88DA629C39431007ABAAA /* Assets.xcassets in Resources */,
				F0F88DA429C39430007ABAAA /* Main.storyboard in Resources */,
				F0A04DE929C3BD7300AC7A52 /* GoogleService-Info.plist in Resources */,
			);
			runOnlyForDeploymentPostprocessing = 0;
		};
		F0F88DAD29C39431007ABAAA /* Resources */ = {
			isa = PBXResourcesBuildPhase;
			buildActionMask = 2147483647;
			files = (
			);
			runOnlyForDeploymentPostprocessing = 0;
		};
		F0F88DB729C39431007ABAAA /* Resources */ = {
			isa = PBXResourcesBuildPhase;
			buildActionMask = 2147483647;
			files = (
			);
			runOnlyForDeploymentPostprocessing = 0;
		};
/* End PBXResourcesBuildPhase section */

/* Begin PBXSourcesBuildPhase section */
		F0F88D9529C39430007ABAAA /* Sources */ = {
			isa = PBXSourcesBuildPhase;
			buildActionMask = 2147483647;
			files = (
				F0A04E2929C3BF4700AC7A52 /* Global.swift in Sources */,
				F0A04DE729C3BBF600AC7A52 /* LoginViewController.swift in Sources */,
				F0F88DCD29C3947E007ABAAA /* ChatGPTAPI.swift in Sources */,
				53EE564F29C4A48F0062FDF3 /* ViewModel.swift in Sources */,
				A25AB01729C490C1007AC1E0 /* Health.swift in Sources */,
				F0A04E2729C3BF1700AC7A52 /* RegisterViewController.swift in Sources */,
				F0F88DA129C39430007ABAAA /* ViewController.swift in Sources */,
				34FE414E29C46DE1004C4AFA /* ListViewController.swift in Sources */,
				F0F88D9D29C39430007ABAAA /* AppDelegate.swift in Sources */,
				F0F88DCF29C39492007ABAAA /* ChatGPTAPIModels.swift in Sources */,
				F0F88D9F29C39430007ABAAA /* SceneDelegate.swift in Sources */,
			);
			runOnlyForDeploymentPostprocessing = 0;
		};
		F0F88DAB29C39431007ABAAA /* Sources */ = {
			isa = PBXSourcesBuildPhase;
			buildActionMask = 2147483647;
			files = (
				F0F88DB429C39431007ABAAA /* ChatGPTTests.swift in Sources */,
			);
			runOnlyForDeploymentPostprocessing = 0;
		};
		F0F88DB529C39431007ABAAA /* Sources */ = {
			isa = PBXSourcesBuildPhase;
			buildActionMask = 2147483647;
			files = (
				F0F88DC029C39431007ABAAA /* ChatGPTUITestsLaunchTests.swift in Sources */,
				F0F88DBE29C39431007ABAAA /* ChatGPTUITests.swift in Sources */,
			);
			runOnlyForDeploymentPostprocessing = 0;
		};
/* End PBXSourcesBuildPhase section */

/* Begin PBXTargetDependency section */
		F0F88DB129C39431007ABAAA /* PBXTargetDependency */ = {
			isa = PBXTargetDependency;
			target = F0F88D9829C39430007ABAAA /* ChatGPT */;
			targetProxy = F0F88DB029C39431007ABAAA /* PBXContainerItemProxy */;
		};
		F0F88DBB29C39431007ABAAA /* PBXTargetDependency */ = {
			isa = PBXTargetDependency;
			target = F0F88D9829C39430007ABAAA /* ChatGPT */;
			targetProxy = F0F88DBA29C39431007ABAAA /* PBXContainerItemProxy */;
		};
/* End PBXTargetDependency section */

/* Begin PBXVariantGroup section */
		F0F88DA229C39430007ABAAA /* Main.storyboard */ = {
			isa = PBXVariantGroup;
			children = (
				F0F88DA329C39430007ABAAA /* Base */,
			);
			name = Main.storyboard;
			sourceTree = "<group>";
		};
		F0F88DA729C39431007ABAAA /* LaunchScreen.storyboard */ = {
			isa = PBXVariantGroup;
			children = (
				F0F88DA829C39431007ABAAA /* Base */,
			);
			name = LaunchScreen.storyboard;
			sourceTree = "<group>";
		};
/* End PBXVariantGroup section */

/* Begin XCBuildConfiguration section */
		F0F88DC129C39431007ABAAA /* Debug */ = {
			isa = XCBuildConfiguration;
			buildSettings = {
				ALWAYS_SEARCH_USER_PATHS = NO;
				CLANG_ANALYZER_NONNULL = YES;
				CLANG_ANALYZER_NUMBER_OBJECT_CONVERSION = YES_AGGRESSIVE;
				CLANG_CXX_LANGUAGE_STANDARD = "gnu++17";
				CLANG_ENABLE_MODULES = YES;
				CLANG_ENABLE_OBJC_ARC = YES;
				CLANG_ENABLE_OBJC_WEAK = YES;
				CLANG_WARN_BLOCK_CAPTURE_AUTORELEASING = YES;
				CLANG_WARN_BOOL_CONVERSION = YES;
				CLANG_WARN_COMMA = YES;
				CLANG_WARN_CONSTANT_CONVERSION = YES;
				CLANG_WARN_DEPRECATED_OBJC_IMPLEMENTATIONS = YES;
				CLANG_WARN_DIRECT_OBJC_ISA_USAGE = YES_ERROR;
				CLANG_WARN_DOCUMENTATION_COMMENTS = YES;
				CLANG_WARN_EMPTY_BODY = YES;
				CLANG_WARN_ENUM_CONVERSION = YES;
				CLANG_WARN_INFINITE_RECURSION = YES;
				CLANG_WARN_INT_CONVERSION = YES;
				CLANG_WARN_NON_LITERAL_NULL_CONVERSION = YES;
				CLANG_WARN_OBJC_IMPLICIT_RETAIN_SELF = YES;
				CLANG_WARN_OBJC_LITERAL_CONVERSION = YES;
				CLANG_WARN_OBJC_ROOT_CLASS = YES_ERROR;
				CLANG_WARN_QUOTED_INCLUDE_IN_FRAMEWORK_HEADER = YES;
				CLANG_WARN_RANGE_LOOP_ANALYSIS = YES;
				CLANG_WARN_STRICT_PROTOTYPES = YES;
				CLANG_WARN_SUSPICIOUS_MOVE = YES;
				CLANG_WARN_UNGUARDED_AVAILABILITY = YES_AGGRESSIVE;
				CLANG_WARN_UNREACHABLE_CODE = YES;
				CLANG_WARN__DUPLICATE_METHOD_MATCH = YES;
				COPY_PHASE_STRIP = NO;
				DEBUG_INFORMATION_FORMAT = dwarf;
				ENABLE_STRICT_OBJC_MSGSEND = YES;
				ENABLE_TESTABILITY = YES;
				GCC_C_LANGUAGE_STANDARD = gnu11;
				GCC_DYNAMIC_NO_PIC = NO;
				GCC_NO_COMMON_BLOCKS = YES;
				GCC_OPTIMIZATION_LEVEL = 0;
				GCC_PREPROCESSOR_DEFINITIONS = (
					"DEBUG=1",
					"$(inherited)",
				);
				GCC_WARN_64_TO_32_BIT_CONVERSION = YES;
				GCC_WARN_ABOUT_RETURN_TYPE = YES_ERROR;
				GCC_WARN_UNDECLARED_SELECTOR = YES;
				GCC_WARN_UNINITIALIZED_AUTOS = YES_AGGRESSIVE;
				GCC_WARN_UNUSED_FUNCTION = YES;
				GCC_WARN_UNUSED_VARIABLE = YES;
				IPHONEOS_DEPLOYMENT_TARGET = 15.5;
				MTL_ENABLE_DEBUG_INFO = INCLUDE_SOURCE;
				MTL_FAST_MATH = YES;
				ONLY_ACTIVE_ARCH = YES;
				SDKROOT = iphoneos;
				SWIFT_ACTIVE_COMPILATION_CONDITIONS = DEBUG;
				SWIFT_OPTIMIZATION_LEVEL = "-Onone";
			};
			name = Debug;
		};
		F0F88DC229C39431007ABAAA /* Release */ = {
			isa = XCBuildConfiguration;
			buildSettings = {
				ALWAYS_SEARCH_USER_PATHS = NO;
				CLANG_ANALYZER_NONNULL = YES;
				CLANG_ANALYZER_NUMBER_OBJECT_CONVERSION = YES_AGGRESSIVE;
				CLANG_CXX_LANGUAGE_STANDARD = "gnu++17";
				CLANG_ENABLE_MODULES = YES;
				CLANG_ENABLE_OBJC_ARC = YES;
				CLANG_ENABLE_OBJC_WEAK = YES;
				CLANG_WARN_BLOCK_CAPTURE_AUTORELEASING = YES;
				CLANG_WARN_BOOL_CONVERSION = YES;
				CLANG_WARN_COMMA = YES;
				CLANG_WARN_CONSTANT_CONVERSION = YES;
				CLANG_WARN_DEPRECATED_OBJC_IMPLEMENTATIONS = YES;
				CLANG_WARN_DIRECT_OBJC_ISA_USAGE = YES_ERROR;
				CLANG_WARN_DOCUMENTATION_COMMENTS = YES;
				CLANG_WARN_EMPTY_BODY = YES;
				CLANG_WARN_ENUM_CONVERSION = YES;
				CLANG_WARN_INFINITE_RECURSION = YES;
				CLANG_WARN_INT_CONVERSION = YES;
				CLANG_WARN_NON_LITERAL_NULL_CONVERSION = YES;
				CLANG_WARN_OBJC_IMPLICIT_RETAIN_SELF = YES;
				CLANG_WARN_OBJC_LITERAL_CONVERSION = YES;
				CLANG_WARN_OBJC_ROOT_CLASS = YES_ERROR;
				CLANG_WARN_QUOTED_INCLUDE_IN_FRAMEWORK_HEADER = YES;
				CLANG_WARN_RANGE_LOOP_ANALYSIS = YES;
				CLANG_WARN_STRICT_PROTOTYPES = YES;
				CLANG_WARN_SUSPICIOUS_MOVE = YES;
				CLANG_WARN_UNGUARDED_AVAILABILITY = YES_AGGRESSIVE;
				CLANG_WARN_UNREACHABLE_CODE = YES;
				CLANG_WARN__DUPLICATE_METHOD_MATCH = YES;
				COPY_PHASE_STRIP = NO;
				DEBUG_INFORMATION_FORMAT = "dwarf-with-dsym";
				ENABLE_NS_ASSERTIONS = NO;
				ENABLE_STRICT_OBJC_MSGSEND = YES;
				GCC_C_LANGUAGE_STANDARD = gnu11;
				GCC_NO_COMMON_BLOCKS = YES;
				GCC_WARN_64_TO_32_BIT_CONVERSION = YES;
				GCC_WARN_ABOUT_RETURN_TYPE = YES_ERROR;
				GCC_WARN_UNDECLARED_SELECTOR = YES;
				GCC_WARN_UNINITIALIZED_AUTOS = YES_AGGRESSIVE;
				GCC_WARN_UNUSED_FUNCTION = YES;
				GCC_WARN_UNUSED_VARIABLE = YES;
				IPHONEOS_DEPLOYMENT_TARGET = 15.5;
				MTL_ENABLE_DEBUG_INFO = NO;
				MTL_FAST_MATH = YES;
				SDKROOT = iphoneos;
				SWIFT_COMPILATION_MODE = wholemodule;
				SWIFT_OPTIMIZATION_LEVEL = "-O";
				VALIDATE_PRODUCT = YES;
			};
			name = Release;
		};
		F0F88DC429C39431007ABAAA /* Debug */ = {
			isa = XCBuildConfiguration;
			buildSettings = {
				ASSETCATALOG_COMPILER_APPICON_NAME = AppIcon;
				ASSETCATALOG_COMPILER_GLOBAL_ACCENT_COLOR_NAME = AccentColor;
				CODE_SIGN_STYLE = Automatic;
				CURRENT_PROJECT_VERSION = 1;
				DEVELOPMENT_TEAM = TRZFVT4Q63;
				GENERATE_INFOPLIST_FILE = YES;
				INFOPLIST_FILE = ChatGPT/Info.plist;
				INFOPLIST_KEY_UIApplicationSupportsIndirectInputEvents = YES;
				INFOPLIST_KEY_UILaunchStoryboardName = LaunchScreen;
				INFOPLIST_KEY_UIMainStoryboardFile = Main;
				INFOPLIST_KEY_UISupportedInterfaceOrientations_iPad = "UIInterfaceOrientationPortrait UIInterfaceOrientationPortraitUpsideDown UIInterfaceOrientationLandscapeLeft UIInterfaceOrientationLandscapeRight";
				INFOPLIST_KEY_UISupportedInterfaceOrientations_iPhone = "UIInterfaceOrientationPortrait UIInterfaceOrientationLandscapeLeft UIInterfaceOrientationLandscapeRight";
				LD_RUNPATH_SEARCH_PATHS = (
					"$(inherited)",
					"@executable_path/Frameworks",
				);
				MARKETING_VERSION = 1.0;
				PRODUCT_BUNDLE_IDENTIFIER = "com.example.-SwiftDemo.ChatGPT";
				PRODUCT_NAME = "$(TARGET_NAME)";
				SWIFT_EMIT_LOC_STRINGS = YES;
				SWIFT_VERSION = 5.0;
				TARGETED_DEVICE_FAMILY = "1,2";
			};
			name = Debug;
		};
		F0F88DC529C39431007ABAAA /* Release */ = {
			isa = XCBuildConfiguration;
			buildSettings = {
				ASSETCATALOG_COMPILER_APPICON_NAME = AppIcon;
				ASSETCATALOG_COMPILER_GLOBAL_ACCENT_COLOR_NAME = AccentColor;
				CODE_SIGN_STYLE = Automatic;
				CURRENT_PROJECT_VERSION = 1;
				DEVELOPMENT_TEAM = TRZFVT4Q63;
				GENERATE_INFOPLIST_FILE = YES;
				INFOPLIST_FILE = ChatGPT/Info.plist;
				INFOPLIST_KEY_UIApplicationSupportsIndirectInputEvents = YES;
				INFOPLIST_KEY_UILaunchStoryboardName = LaunchScreen;
				INFOPLIST_KEY_UIMainStoryboardFile = Main;
				INFOPLIST_KEY_UISupportedInterfaceOrientations_iPad = "UIInterfaceOrientationPortrait UIInterfaceOrientationPortraitUpsideDown UIInterfaceOrientationLandscapeLeft UIInterfaceOrientationLandscapeRight";
				INFOPLIST_KEY_UISupportedInterfaceOrientations_iPhone = "UIInterfaceOrientationPortrait UIInterfaceOrientationLandscapeLeft UIInterfaceOrientationLandscapeRight";
				LD_RUNPATH_SEARCH_PATHS = (
					"$(inherited)",
					"@executable_path/Frameworks",
				);
				MARKETING_VERSION = 1.0;
				PRODUCT_BUNDLE_IDENTIFIER = "com.example.-SwiftDemo.ChatGPT";
				PRODUCT_NAME = "$(TARGET_NAME)";
				SWIFT_EMIT_LOC_STRINGS = YES;
				SWIFT_VERSION = 5.0;
				TARGETED_DEVICE_FAMILY = "1,2";
			};
			name = Release;
		};
		F0F88DC729C39431007ABAAA /* Debug */ = {
			isa = XCBuildConfiguration;
			buildSettings = {
				ALWAYS_EMBED_SWIFT_STANDARD_LIBRARIES = YES;
				BUNDLE_LOADER = "$(TEST_HOST)";
				CODE_SIGN_STYLE = Automatic;
				CURRENT_PROJECT_VERSION = 1;
				DEVELOPMENT_TEAM = K9TPRSV2Z7;
				GENERATE_INFOPLIST_FILE = YES;
				IPHONEOS_DEPLOYMENT_TARGET = 15.5;
				MARKETING_VERSION = 1.0;
				PRODUCT_BUNDLE_IDENTIFIER = "com.example.-SwiftDemo.ChatGPTTests";
				PRODUCT_NAME = "$(TARGET_NAME)";
				SWIFT_EMIT_LOC_STRINGS = NO;
				SWIFT_VERSION = 5.0;
				TARGETED_DEVICE_FAMILY = "1,2";
				TEST_HOST = "$(BUILT_PRODUCTS_DIR)/ChatGPT.app/ChatGPT";
			};
			name = Debug;
		};
		F0F88DC829C39431007ABAAA /* Release */ = {
			isa = XCBuildConfiguration;
			buildSettings = {
				ALWAYS_EMBED_SWIFT_STANDARD_LIBRARIES = YES;
				BUNDLE_LOADER = "$(TEST_HOST)";
				CODE_SIGN_STYLE = Automatic;
				CURRENT_PROJECT_VERSION = 1;
				DEVELOPMENT_TEAM = K9TPRSV2Z7;
				GENERATE_INFOPLIST_FILE = YES;
				IPHONEOS_DEPLOYMENT_TARGET = 15.5;
				MARKETING_VERSION = 1.0;
				PRODUCT_BUNDLE_IDENTIFIER = "com.example.-SwiftDemo.ChatGPTTests";
				PRODUCT_NAME = "$(TARGET_NAME)";
				SWIFT_EMIT_LOC_STRINGS = NO;
				SWIFT_VERSION = 5.0;
				TARGETED_DEVICE_FAMILY = "1,2";
				TEST_HOST = "$(BUILT_PRODUCTS_DIR)/ChatGPT.app/ChatGPT";
			};
			name = Release;
		};
		F0F88DCA29C39431007ABAAA /* Debug */ = {
			isa = XCBuildConfiguration;
			buildSettings = {
				ALWAYS_EMBED_SWIFT_STANDARD_LIBRARIES = YES;
				CODE_SIGN_STYLE = Automatic;
				CURRENT_PROJECT_VERSION = 1;
				DEVELOPMENT_TEAM = K9TPRSV2Z7;
				GENERATE_INFOPLIST_FILE = YES;
				MARKETING_VERSION = 1.0;
				PRODUCT_BUNDLE_IDENTIFIER = "com.example.-SwiftDemo.ChatGPTUITests";
				PRODUCT_NAME = "$(TARGET_NAME)";
				SWIFT_EMIT_LOC_STRINGS = NO;
				SWIFT_VERSION = 5.0;
				TARGETED_DEVICE_FAMILY = "1,2";
				TEST_TARGET_NAME = ChatGPT;
			};
			name = Debug;
		};
		F0F88DCB29C39431007ABAAA /* Release */ = {
			isa = XCBuildConfiguration;
			buildSettings = {
				ALWAYS_EMBED_SWIFT_STANDARD_LIBRARIES = YES;
				CODE_SIGN_STYLE = Automatic;
				CURRENT_PROJECT_VERSION = 1;
				DEVELOPMENT_TEAM = K9TPRSV2Z7;
				GENERATE_INFOPLIST_FILE = YES;
				MARKETING_VERSION = 1.0;
				PRODUCT_BUNDLE_IDENTIFIER = "com.example.-SwiftDemo.ChatGPTUITests";
				PRODUCT_NAME = "$(TARGET_NAME)";
				SWIFT_EMIT_LOC_STRINGS = NO;
				SWIFT_VERSION = 5.0;
				TARGETED_DEVICE_FAMILY = "1,2";
				TEST_TARGET_NAME = ChatGPT;
			};
			name = Release;
		};
/* End XCBuildConfiguration section */

/* Begin XCConfigurationList section */
		F0F88D9429C39430007ABAAA /* Build configuration list for PBXProject "ChatGPT" */ = {
			isa = XCConfigurationList;
			buildConfigurations = (
				F0F88DC129C39431007ABAAA /* Debug */,
				F0F88DC229C39431007ABAAA /* Release */,
			);
			defaultConfigurationIsVisible = 0;
			defaultConfigurationName = Release;
		};
		F0F88DC329C39431007ABAAA /* Build configuration list for PBXNativeTarget "ChatGPT" */ = {
			isa = XCConfigurationList;
			buildConfigurations = (
				F0F88DC429C39431007ABAAA /* Debug */,
				F0F88DC529C39431007ABAAA /* Release */,
			);
			defaultConfigurationIsVisible = 0;
			defaultConfigurationName = Release;
		};
		F0F88DC629C39431007ABAAA /* Build configuration list for PBXNativeTarget "ChatGPTTests" */ = {
			isa = XCConfigurationList;
			buildConfigurations = (
				F0F88DC729C39431007ABAAA /* Debug */,
				F0F88DC829C39431007ABAAA /* Release */,
			);
			defaultConfigurationIsVisible = 0;
			defaultConfigurationName = Release;
		};
		F0F88DC929C39431007ABAAA /* Build configuration list for PBXNativeTarget "ChatGPTUITests" */ = {
			isa = XCConfigurationList;
			buildConfigurations = (
				F0F88DCA29C39431007ABAAA /* Debug */,
				F0F88DCB29C39431007ABAAA /* Release */,
			);
			defaultConfigurationIsVisible = 0;
			defaultConfigurationName = Release;
		};
/* End XCConfigurationList section */

/* Begin XCRemoteSwiftPackageReference section */
		53DE601C29C4A26D0023C62A /* XCRemoteSwiftPackageReference "OpenAISwift" */ = {
			isa = XCRemoteSwiftPackageReference;
			repositoryURL = "https://github.com/adamrushy/OpenAISwift";
			requirement = {
				branch = main;
				kind = branch;
			};
		};
		F0A04DEA29C3BE2200AC7A52 /* XCRemoteSwiftPackageReference "firebase-ios-sdk" */ = {
			isa = XCRemoteSwiftPackageReference;
			repositoryURL = "https://github.com/firebase/firebase-ios-sdk";
			requirement = {
				kind = upToNextMajorVersion;
				minimumVersion = 9.0.0;
			};
		};
		F0A04DEF29C3BEB100AC7A52 /* XCRemoteSwiftPackageReference "firebase-ios-sdk" */ = {
			isa = XCRemoteSwiftPackageReference;
			repositoryURL = "https://github.com/firebase/firebase-ios-sdk";
			requirement = {
				kind = upToNextMajorVersion;
				minimumVersion = 9.0.0;
			};
		};
/* End XCRemoteSwiftPackageReference section */

/* Begin XCSwiftPackageProductDependency section */
		53DE601D29C4A26D0023C62A /* OpenAISwift */ = {
			isa = XCSwiftPackageProductDependency;
			package = 53DE601C29C4A26D0023C62A /* XCRemoteSwiftPackageReference "OpenAISwift" */;
			productName = OpenAISwift;
		};
		F0A04DEB29C3BE2200AC7A52 /* FirebaseAnalytics */ = {
			isa = XCSwiftPackageProductDependency;
			package = F0A04DEA29C3BE2200AC7A52 /* XCRemoteSwiftPackageReference "firebase-ios-sdk" */;
			productName = FirebaseAnalytics;
		};
		F0A04DED29C3BE2200AC7A52 /* FirebaseAnalyticsSwift */ = {
			isa = XCSwiftPackageProductDependency;
			package = F0A04DEA29C3BE2200AC7A52 /* XCRemoteSwiftPackageReference "firebase-ios-sdk" */;
			productName = FirebaseAnalyticsSwift;
		};
		F0A04DF029C3BEB100AC7A52 /* FirebaseAnalytics */ = {
			isa = XCSwiftPackageProductDependency;
			package = F0A04DEA29C3BE2200AC7A52 /* XCRemoteSwiftPackageReference "firebase-ios-sdk" */;
			productName = FirebaseAnalytics;
		};
		F0A04DF229C3BEB100AC7A52 /* FirebaseAnalyticsOnDeviceConversion */ = {
			isa = XCSwiftPackageProductDependency;
			package = F0A04DEA29C3BE2200AC7A52 /* XCRemoteSwiftPackageReference "firebase-ios-sdk" */;
			productName = FirebaseAnalyticsOnDeviceConversion;
		};
		F0A04DF429C3BEB100AC7A52 /* FirebaseAnalyticsSwift */ = {
			isa = XCSwiftPackageProductDependency;
			package = F0A04DEA29C3BE2200AC7A52 /* XCRemoteSwiftPackageReference "firebase-ios-sdk" */;
			productName = FirebaseAnalyticsSwift;
		};
		F0A04DF629C3BEB100AC7A52 /* FirebaseAnalyticsWithoutAdIdSupport */ = {
			isa = XCSwiftPackageProductDependency;
			package = F0A04DEA29C3BE2200AC7A52 /* XCRemoteSwiftPackageReference "firebase-ios-sdk" */;
			productName = FirebaseAnalyticsWithoutAdIdSupport;
		};
		F0A04DF829C3BEB100AC7A52 /* FirebaseAppCheck */ = {
			isa = XCSwiftPackageProductDependency;
			package = F0A04DEA29C3BE2200AC7A52 /* XCRemoteSwiftPackageReference "firebase-ios-sdk" */;
			productName = FirebaseAppCheck;
		};
		F0A04DFA29C3BEB100AC7A52 /* FirebaseAppDistribution-Beta */ = {
			isa = XCSwiftPackageProductDependency;
			package = F0A04DEA29C3BE2200AC7A52 /* XCRemoteSwiftPackageReference "firebase-ios-sdk" */;
			productName = "FirebaseAppDistribution-Beta";
		};
		F0A04DFC29C3BEB100AC7A52 /* FirebaseAuth */ = {
			isa = XCSwiftPackageProductDependency;
			package = F0A04DEA29C3BE2200AC7A52 /* XCRemoteSwiftPackageReference "firebase-ios-sdk" */;
			productName = FirebaseAuth;
		};
		F0A04DFE29C3BEB100AC7A52 /* FirebaseAuthCombine-Community */ = {
			isa = XCSwiftPackageProductDependency;
			package = F0A04DEA29C3BE2200AC7A52 /* XCRemoteSwiftPackageReference "firebase-ios-sdk" */;
			productName = "FirebaseAuthCombine-Community";
		};
		F0A04E0029C3BEB100AC7A52 /* FirebaseCrashlytics */ = {
			isa = XCSwiftPackageProductDependency;
			package = F0A04DEA29C3BE2200AC7A52 /* XCRemoteSwiftPackageReference "firebase-ios-sdk" */;
			productName = FirebaseCrashlytics;
		};
		F0A04E0229C3BEB100AC7A52 /* FirebaseDatabase */ = {
			isa = XCSwiftPackageProductDependency;
			package = F0A04DEA29C3BE2200AC7A52 /* XCRemoteSwiftPackageReference "firebase-ios-sdk" */;
			productName = FirebaseDatabase;
		};
		F0A04E0429C3BEB100AC7A52 /* FirebaseDatabaseSwift */ = {
			isa = XCSwiftPackageProductDependency;
			package = F0A04DEA29C3BE2200AC7A52 /* XCRemoteSwiftPackageReference "firebase-ios-sdk" */;
			productName = FirebaseDatabaseSwift;
		};
		F0A04E0629C3BEB100AC7A52 /* FirebaseDynamicLinks */ = {
			isa = XCSwiftPackageProductDependency;
			package = F0A04DEA29C3BE2200AC7A52 /* XCRemoteSwiftPackageReference "firebase-ios-sdk" */;
			productName = FirebaseDynamicLinks;
		};
		F0A04E0829C3BEB100AC7A52 /* FirebaseFirestore */ = {
			isa = XCSwiftPackageProductDependency;
			package = F0A04DEA29C3BE2200AC7A52 /* XCRemoteSwiftPackageReference "firebase-ios-sdk" */;
			productName = FirebaseFirestore;
		};
		F0A04E0A29C3BEB100AC7A52 /* FirebaseFirestoreCombine-Community */ = {
			isa = XCSwiftPackageProductDependency;
			package = F0A04DEA29C3BE2200AC7A52 /* XCRemoteSwiftPackageReference "firebase-ios-sdk" */;
			productName = "FirebaseFirestoreCombine-Community";
		};
		F0A04E0C29C3BEB100AC7A52 /* FirebaseFirestoreSwift */ = {
			isa = XCSwiftPackageProductDependency;
			package = F0A04DEA29C3BE2200AC7A52 /* XCRemoteSwiftPackageReference "firebase-ios-sdk" */;
			productName = FirebaseFirestoreSwift;
		};
		F0A04E0E29C3BEB100AC7A52 /* FirebaseFunctions */ = {
			isa = XCSwiftPackageProductDependency;
			package = F0A04DEA29C3BE2200AC7A52 /* XCRemoteSwiftPackageReference "firebase-ios-sdk" */;
			productName = FirebaseFunctions;
		};
		F0A04E1029C3BEB100AC7A52 /* FirebaseFunctionsCombine-Community */ = {
			isa = XCSwiftPackageProductDependency;
			package = F0A04DEA29C3BE2200AC7A52 /* XCRemoteSwiftPackageReference "firebase-ios-sdk" */;
			productName = "FirebaseFunctionsCombine-Community";
		};
		F0A04E1229C3BEB100AC7A52 /* FirebaseInAppMessaging-Beta */ = {
			isa = XCSwiftPackageProductDependency;
			package = F0A04DEA29C3BE2200AC7A52 /* XCRemoteSwiftPackageReference "firebase-ios-sdk" */;
			productName = "FirebaseInAppMessaging-Beta";
		};
		F0A04E1429C3BEB100AC7A52 /* FirebaseInAppMessagingSwift-Beta */ = {
			isa = XCSwiftPackageProductDependency;
			package = F0A04DEA29C3BE2200AC7A52 /* XCRemoteSwiftPackageReference "firebase-ios-sdk" */;
			productName = "FirebaseInAppMessagingSwift-Beta";
		};
		F0A04E1629C3BEB100AC7A52 /* FirebaseInstallations */ = {
			isa = XCSwiftPackageProductDependency;
			package = F0A04DEA29C3BE2200AC7A52 /* XCRemoteSwiftPackageReference "firebase-ios-sdk" */;
			productName = FirebaseInstallations;
		};
		F0A04E1829C3BEB100AC7A52 /* FirebaseMLModelDownloader */ = {
			isa = XCSwiftPackageProductDependency;
			package = F0A04DEA29C3BE2200AC7A52 /* XCRemoteSwiftPackageReference "firebase-ios-sdk" */;
			productName = FirebaseMLModelDownloader;
		};
		F0A04E1A29C3BEB100AC7A52 /* FirebaseMessaging */ = {
			isa = XCSwiftPackageProductDependency;
			package = F0A04DEA29C3BE2200AC7A52 /* XCRemoteSwiftPackageReference "firebase-ios-sdk" */;
			productName = FirebaseMessaging;
		};
		F0A04E1C29C3BEB100AC7A52 /* FirebasePerformance */ = {
			isa = XCSwiftPackageProductDependency;
			package = F0A04DEA29C3BE2200AC7A52 /* XCRemoteSwiftPackageReference "firebase-ios-sdk" */;
			productName = FirebasePerformance;
		};
		F0A04E1E29C3BEB100AC7A52 /* FirebaseRemoteConfig */ = {
			isa = XCSwiftPackageProductDependency;
			package = F0A04DEA29C3BE2200AC7A52 /* XCRemoteSwiftPackageReference "firebase-ios-sdk" */;
			productName = FirebaseRemoteConfig;
		};
		F0A04E2029C3BEB100AC7A52 /* FirebaseRemoteConfigSwift */ = {
			isa = XCSwiftPackageProductDependency;
			package = F0A04DEA29C3BE2200AC7A52 /* XCRemoteSwiftPackageReference "firebase-ios-sdk" */;
			productName = FirebaseRemoteConfigSwift;
		};
		F0A04E2229C3BEB100AC7A52 /* FirebaseStorage */ = {
			isa = XCSwiftPackageProductDependency;
			package = F0A04DEA29C3BE2200AC7A52 /* XCRemoteSwiftPackageReference "firebase-ios-sdk" */;
			productName = FirebaseStorage;
		};
		F0A04E2429C3BEB100AC7A52 /* FirebaseStorageCombine-Community */ = {
			isa = XCSwiftPackageProductDependency;
			package = F0A04DEA29C3BE2200AC7A52 /* XCRemoteSwiftPackageReference "firebase-ios-sdk" */;
			productName = "FirebaseStorageCombine-Community";
		};
/* End XCSwiftPackageProductDependency section */
	};
	rootObject = F0F88D9129C39430007ABAAA /* Project object */;
}
